
Microsoft Visual Studio Solution File, Format Version 12.00
# Visual Studio Version 16
VisualStudioVersion = 16.0.29806.167
MinimumVisualStudioVersion = 10.0.40219.1
Project("{FAE04EC0-301F-11D3-BF4B-00C04F79EFBC}") = "DZ_AppDomain", "DZ_AppDomain.csproj", "{9C7FB458-FEBB-4C60-A962-AEAB2CEFEC97}"
EndProject
Global
	GlobalSection(SolutionConfigurationPlatforms) = preSolution
		Debug|Any CPU = Debug|Any CPU
		Release|Any CPU = Release|Any CPU
	EndGlobalSection
	GlobalSection(ProjectConfigurationPlatforms) = postSolution
		{9C7FB458-FEBB-4C60-A962-AEAB2CEFEC97}.Debug|Any CPU.ActiveCfg = Debug|Any CPU
		{9C7FB458-FEBB-4C60-A962-AEAB2CEFEC97}.Debug|Any CPU.Build.0 = Debug|Any CPU
		{9C7FB458-FEBB-4C60-A962-AEAB2CEFEC97}.Release|Any CPU.ActiveCfg = Release|Any CPU
		{9C7FB458-FEBB-4C60-A962-AEAB2CEFEC97}.Release|Any CPU.Build.0 = Release|Any CPU
	EndGlobalSection
	GlobalSection(SolutionProperties) = preSolution
		HideSolutionNode = FALSE
	EndGlobalSection
	GlobalSection(ExtensibilityGlobals) = postSolution
		SolutionGuid = {935B40F2-2BC6-4DB7-83EF-3BF7D48F5B06}
	EndGlobalSection
EndGlobal
