
Microsoft Visual Studio Solution File, Format Version 12.00
# Visual Studio Version 16
VisualStudioVersion = 16.0.29806.167
MinimumVisualStudioVersion = 10.0.40219.1
Project("{FAE04EC0-301F-11D3-BF4B-00C04F79EFBC}") = "Async_Operations", "Async_Operations.csproj", "{5B30A1EA-BC76-482D-A531-A683D4C4A7AD}"
EndProject
Global
	GlobalSection(SolutionConfigurationPlatforms) = preSolution
		Debug|Any CPU = Debug|Any CPU
		Release|Any CPU = Release|Any CPU
	EndGlobalSection
	GlobalSection(ProjectConfigurationPlatforms) = postSolution
		{5B30A1EA-BC76-482D-A531-A683D4C4A7AD}.Debug|Any CPU.ActiveCfg = Debug|Any CPU
		{5B30A1EA-BC76-482D-A531-A683D4C4A7AD}.Debug|Any CPU.Build.0 = Debug|Any CPU
		{5B30A1EA-BC76-482D-A531-A683D4C4A7AD}.Release|Any CPU.ActiveCfg = Release|Any CPU
		{5B30A1EA-BC76-482D-A531-A683D4C4A7AD}.Release|Any CPU.Build.0 = Release|Any CPU
	EndGlobalSection
	GlobalSection(SolutionProperties) = preSolution
		HideSolutionNode = FALSE
	EndGlobalSection
	GlobalSection(ExtensibilityGlobals) = postSolution
		SolutionGuid = {A2208F37-08CB-43EC-B717-58CD1916E8AA}
	EndGlobalSection
EndGlobal
